
Microsoft Visual Studio Solution File, Format Version 12.00
# Visual Studio Version 17
VisualStudioVersion = 17.8.34408.163
MinimumVisualStudioVersion = 10.0.40219.1
Project("{FAE04EC0-301F-11D3-BF4B-00C04F79EFBC}") = "Starter Code", "Starter Code\Starter Code.csproj", "{C4274FF2-B2D1-4B8A-8B4A-C04821A74B76}"
EndProject
Global
	GlobalSection(SolutionConfigurationPlatforms) = preSolution
		Debug|Any CPU = Debug|Any CPU
		Release|Any CPU = Release|Any CPU
	EndGlobalSection
	GlobalSection(ProjectConfigurationPlatforms) = postSolution
		{C4274FF2-B2D1-4B8A-8B4A-C04821A74B76}.Debug|Any CPU.ActiveCfg = Debug|Any CPU
		{C4274FF2-B2D1-4B8A-8B4A-C04821A74B76}.Debug|Any CPU.Build.0 = Debug|Any CPU
		{C4274FF2-B2D1-4B8A-8B4A-C04821A74B76}.Release|Any CPU.ActiveCfg = Release|Any CPU
		{C4274FF2-B2D1-4B8A-8B4A-C04821A74B76}.Release|Any CPU.Build.0 = Release|Any CPU
	EndGlobalSection
	GlobalSection(SolutionProperties) = preSolution
		HideSolutionNode = FALSE
	EndGlobalSection
	GlobalSection(ExtensibilityGlobals) = postSolution
		SolutionGuid = {83271F32-3391-4390-BABF-B635CB710C53}
	EndGlobalSection
EndGlobal
